
Microsoft Visual Studio Solution File, Format Version 12.00
# Visual Studio 15
VisualStudioVersion = 15.0.28307.645
MinimumVisualStudioVersion = 10.0.40219.1
Project("{FAE04EC0-301F-11D3-BF4B-00C04F79EFBC}") = "Lab7_WebAPI", "Lab7_WebAPI\Lab7_WebAPI.csproj", "{ECAFDE69-102F-4BE2-8DEF-A7BC799779D7}"
EndProject
Global
	GlobalSection(SolutionConfigurationPlatforms) = preSolution
		Debug|Any CPU = Debug|Any CPU
		Release|Any CPU = Release|Any CPU
	EndGlobalSection
	GlobalSection(ProjectConfigurationPlatforms) = postSolution
		{ECAFDE69-102F-4BE2-8DEF-A7BC799779D7}.Debug|Any CPU.ActiveCfg = Debug|Any CPU
		{ECAFDE69-102F-4BE2-8DEF-A7BC799779D7}.Debug|Any CPU.Build.0 = Debug|Any CPU
		{ECAFDE69-102F-4BE2-8DEF-A7BC799779D7}.Release|Any CPU.ActiveCfg = Release|Any CPU
		{ECAFDE69-102F-4BE2-8DEF-A7BC799779D7}.Release|Any CPU.Build.0 = Release|Any CPU
	EndGlobalSection
	GlobalSection(SolutionProperties) = preSolution
		HideSolutionNode = FALSE
	EndGlobalSection
	GlobalSection(ExtensibilityGlobals) = postSolution
		SolutionGuid = {F18041A1-9F83-43E3-A73E-F2D8C109FD6F}
	EndGlobalSection
EndGlobal
